
Microsoft Visual Studio Solution File, Format Version 12.00
# Visual Studio Version 17
VisualStudioVersion = 17.0.32014.148
MinimumVisualStudioVersion = 10.0.40219.1
Project("{FAE04EC0-301F-11D3-BF4B-00C04F79EFBC}") = "MonPremierSiteWeb2022", "MonPremierSiteWeb2022\MonPremierSiteWeb2022.csproj", "{469275E3-1B81-41C8-A55D-5DC503CB7FE8}"
EndProject
Global
	GlobalSection(SolutionConfigurationPlatforms) = preSolution
		Debug|Any CPU = Debug|Any CPU
		Release|Any CPU = Release|Any CPU
	EndGlobalSection
	GlobalSection(ProjectConfigurationPlatforms) = postSolution
		{469275E3-1B81-41C8-A55D-5DC503CB7FE8}.Debug|Any CPU.ActiveCfg = Debug|Any CPU
		{469275E3-1B81-41C8-A55D-5DC503CB7FE8}.Debug|Any CPU.Build.0 = Debug|Any CPU
		{469275E3-1B81-41C8-A55D-5DC503CB7FE8}.Release|Any CPU.ActiveCfg = Release|Any CPU
		{469275E3-1B81-41C8-A55D-5DC503CB7FE8}.Release|Any CPU.Build.0 = Release|Any CPU
	EndGlobalSection
	GlobalSection(SolutionProperties) = preSolution
		HideSolutionNode = FALSE
	EndGlobalSection
	GlobalSection(ExtensibilityGlobals) = postSolution
		SolutionGuid = {5DBA22FE-15E3-45DC-8B3E-8D12588A210A}
	EndGlobalSection
EndGlobal
